
Microsoft Visual Studio Solution File, Format Version 12.00
# Visual Studio Version 17
VisualStudioVersion = 17.2.32602.215
MinimumVisualStudioVersion = 10.0.40219.1
Project("{FAE04EC0-301F-11D3-BF4B-00C04F79EFBC}") = "2024 Calculator", "2024 Calculator\2024 Calculator.csproj", "{96FF9ABB-6D9C-44DE-88CA-36EAC8720B21}"
EndProject
Global
	GlobalSection(SolutionConfigurationPlatforms) = preSolution
		Debug|Any CPU = Debug|Any CPU
		Release|Any CPU = Release|Any CPU
	EndGlobalSection
	GlobalSection(ProjectConfigurationPlatforms) = postSolution
		{96FF9ABB-6D9C-44DE-88CA-36EAC8720B21}.Debug|Any CPU.ActiveCfg = Debug|Any CPU
		{96FF9ABB-6D9C-44DE-88CA-36EAC8720B21}.Debug|Any CPU.Build.0 = Debug|Any CPU
		{96FF9ABB-6D9C-44DE-88CA-36EAC8720B21}.Release|Any CPU.ActiveCfg = Release|Any CPU
		{96FF9ABB-6D9C-44DE-88CA-36EAC8720B21}.Release|Any CPU.Build.0 = Release|Any CPU
	EndGlobalSection
	GlobalSection(SolutionProperties) = preSolution
		HideSolutionNode = FALSE
	EndGlobalSection
	GlobalSection(ExtensibilityGlobals) = postSolution
		SolutionGuid = {BB099FB9-E9B1-448C-88D8-A036CF966F2B}
	EndGlobalSection
EndGlobal
